
Microsoft Visual Studio Solution File, Format Version 12.00
# Visual Studio Version 17
VisualStudioVersion = 17.11.35222.181
MinimumVisualStudioVersion = 10.0.40219.1
Project("{FAE04EC0-301F-11D3-BF4B-00C04F79EFBC}") = "ReactJSIntegration", "ReactJSIntegration\ReactJSIntegration.csproj", "{160F1AB3-143C-4B95-AADC-9670FECA570A}"
EndProject
Global
	GlobalSection(SolutionConfigurationPlatforms) = preSolution
		Debug|Any CPU = Debug|Any CPU
		Release|Any CPU = Release|Any CPU
	EndGlobalSection
	GlobalSection(ProjectConfigurationPlatforms) = postSolution
		{160F1AB3-143C-4B95-AADC-9670FECA570A}.Debug|Any CPU.ActiveCfg = Debug|Any CPU
		{160F1AB3-143C-4B95-AADC-9670FECA570A}.Debug|Any CPU.Build.0 = Debug|Any CPU
		{160F1AB3-143C-4B95-AADC-9670FECA570A}.Release|Any CPU.ActiveCfg = Release|Any CPU
		{160F1AB3-143C-4B95-AADC-9670FECA570A}.Release|Any CPU.Build.0 = Release|Any CPU
	EndGlobalSection
	GlobalSection(SolutionProperties) = preSolution
		HideSolutionNode = FALSE
	EndGlobalSection
	GlobalSection(ExtensibilityGlobals) = postSolution
		SolutionGuid = {DB9FF46E-C220-49E0-AE8A-6F7FE5AD9CEE}
	EndGlobalSection
EndGlobal
